
Microsoft Visual Studio Solution File, Format Version 12.00
# Visual Studio Version 17
VisualStudioVersion = 17.6.33829.357
MinimumVisualStudioVersion = 10.0.40219.1
Project("{FAE04EC0-301F-11D3-BF4B-00C04F79EFBC}") = "Collections", "Collections.csproj", "{749E829B-F98E-40BE-AD64-4E803064E060}"
EndProject
Global
	GlobalSection(SolutionConfigurationPlatforms) = preSolution
		Debug|Any CPU = Debug|Any CPU
		Release|Any CPU = Release|Any CPU
	EndGlobalSection
	GlobalSection(ProjectConfigurationPlatforms) = postSolution
		{749E829B-F98E-40BE-AD64-4E803064E060}.Debug|Any CPU.ActiveCfg = Debug|Any CPU
		{749E829B-F98E-40BE-AD64-4E803064E060}.Debug|Any CPU.Build.0 = Debug|Any CPU
		{749E829B-F98E-40BE-AD64-4E803064E060}.Release|Any CPU.ActiveCfg = Release|Any CPU
		{749E829B-F98E-40BE-AD64-4E803064E060}.Release|Any CPU.Build.0 = Release|Any CPU
	EndGlobalSection
	GlobalSection(SolutionProperties) = preSolution
		HideSolutionNode = FALSE
	EndGlobalSection
	GlobalSection(ExtensibilityGlobals) = postSolution
		SolutionGuid = {C494F257-FED9-4ACF-B4D8-1A3F2B47D60E}
	EndGlobalSection
EndGlobal
