
Microsoft Visual Studio Solution File, Format Version 12.00
# Visual Studio Version 17
VisualStudioVersion = 17.6.33829.357
MinimumVisualStudioVersion = 10.0.40219.1
Project("{FAE04EC0-301F-11D3-BF4B-00C04F79EFBC}") = "CollectionsQueue", "CollectionsQueue.csproj", "{21688306-CA14-420A-8E32-B91BDFF31EB6}"
EndProject
Global
	GlobalSection(SolutionConfigurationPlatforms) = preSolution
		Debug|Any CPU = Debug|Any CPU
		Release|Any CPU = Release|Any CPU
	EndGlobalSection
	GlobalSection(ProjectConfigurationPlatforms) = postSolution
		{21688306-CA14-420A-8E32-B91BDFF31EB6}.Debug|Any CPU.ActiveCfg = Debug|Any CPU
		{21688306-CA14-420A-8E32-B91BDFF31EB6}.Debug|Any CPU.Build.0 = Debug|Any CPU
		{21688306-CA14-420A-8E32-B91BDFF31EB6}.Release|Any CPU.ActiveCfg = Release|Any CPU
		{21688306-CA14-420A-8E32-B91BDFF31EB6}.Release|Any CPU.Build.0 = Release|Any CPU
	EndGlobalSection
	GlobalSection(SolutionProperties) = preSolution
		HideSolutionNode = FALSE
	EndGlobalSection
	GlobalSection(ExtensibilityGlobals) = postSolution
		SolutionGuid = {BB66A019-226A-44A8-A633-F4B652F9F461}
	EndGlobalSection
EndGlobal
