
Microsoft Visual Studio Solution File, Format Version 12.00
# Visual Studio Version 17
VisualStudioVersion = 17.6.33829.357
MinimumVisualStudioVersion = 10.0.40219.1
Project("{FAE04EC0-301F-11D3-BF4B-00C04F79EFBC}") = "DelegadosPredicadosLambdas3", "DelegadosPredicadosLambdas3.csproj", "{033347F8-8600-4DF2-A6EF-5EEAF7666F59}"
EndProject
Global
	GlobalSection(SolutionConfigurationPlatforms) = preSolution
		Debug|Any CPU = Debug|Any CPU
		Release|Any CPU = Release|Any CPU
	EndGlobalSection
	GlobalSection(ProjectConfigurationPlatforms) = postSolution
		{033347F8-8600-4DF2-A6EF-5EEAF7666F59}.Debug|Any CPU.ActiveCfg = Debug|Any CPU
		{033347F8-8600-4DF2-A6EF-5EEAF7666F59}.Debug|Any CPU.Build.0 = Debug|Any CPU
		{033347F8-8600-4DF2-A6EF-5EEAF7666F59}.Release|Any CPU.ActiveCfg = Release|Any CPU
		{033347F8-8600-4DF2-A6EF-5EEAF7666F59}.Release|Any CPU.Build.0 = Release|Any CPU
	EndGlobalSection
	GlobalSection(SolutionProperties) = preSolution
		HideSolutionNode = FALSE
	EndGlobalSection
	GlobalSection(ExtensibilityGlobals) = postSolution
		SolutionGuid = {A3B45FB8-B8A5-48E0-AC93-51876E0EABDC}
	EndGlobalSection
EndGlobal
